{
  "version": 4,
  "terraform_version": "1.11.2",
  "serial": 1,
  "lineage": "a4fae2d8-cbe8-d6e3-fb8c-85a36c735b86",
  "outputs": {},
  "resources": [
    {
      "mode": "managed",
      "type": "local_file",
      "name": "samplefile",
      "provider": "provider[\"registry.terraform.io/hashicorp/local\"]",
      "instances": [
        {
          "schema_version": 0,
          "attributes": {
            "content": "Adding the random content just to show the graph feature",
            "content_base64": null,
            "content_base64sha256": "j7KoW+pD5Lk8psF5WokvLfphzriEwRSTU9Q1WKIp2Zo=",
            "content_base64sha512": "LMfHKV41Cm5KWqbEL+RjT6GKYp/4CbAqLeP+VJ3UqXgPJ4wpyUMhPivA1HsMNXQRU9u+ImJx8ia8XdF0dtYDsA==",
            "content_md5": "3ae7d6a97bd856b0c35d2f5dc6bab028",
            "content_sha1": "a3806b5531115f90268a27cd40fecbf97a1309cb",
            "content_sha256": "8fb2a85bea43e4b93ca6c1795a892f2dfa61ceb884c1149353d43558a229d99a",
            "content_sha512": "2cc7c7295e350a6e4a5aa6c42fe4634fa18a629ff809b02a2de3fe549dd4a9780f278c29c943213e2bc0d47b0c35741153dbbe226271f226bc5dd17476d603b0",
            "directory_permission": "0777",
            "file_permission": "0777",
            "filename": "./random.txt",
            "id": "a3806b5531115f90268a27cd40fecbf97a1309cb",
            "sensitive_content": null,
            "source": null
          },
          "sensitive_attributes": [
            [
              {
                "type": "get_attr",
                "value": "sensitive_content"
              }
            ]
          ]
        }
      ]
    }
  ],
  "check_results": null
}
