{
  "version": 4,
  "terraform_version": "1.11.2",
  "serial": 10,
  "lineage": "c89eb56c-7352-9dd7-9e4f-1157a613c0bf",
  "outputs": {},
  "resources": [
    {
      "mode": "managed",
      "type": "github_repository",
      "name": "firstRepoCreatedByTerraform",
      "provider": "provider[\"registry.terraform.io/integrations/github\"]",
      "instances": [
        {
          "schema_version": 1,
          "attributes": {
            "allow_auto_merge": false,
            "allow_merge_commit": true,
            "allow_rebase_merge": true,
            "allow_squash_merge": true,
            "allow_update_branch": false,
            "archive_on_destroy": null,
            "archived": false,
            "auto_init": true,
            "default_branch": "main",
            "delete_branch_on_merge": false,
            "description": "Creating first Github repo by using terraform",
            "etag": "W/\"0205c72ca056ed580d5eea3746c0b3819e2e2288130edd943a0355de4662f513\"",
            "full_name": "CRUZEAAKASH/first-repo-created-by-terraform",
            "git_clone_url": "git://github.com/CRUZEAAKASH/first-repo-created-by-terraform.git",
            "gitignore_template": null,
            "has_discussions": false,
            "has_downloads": false,
            "has_issues": false,
            "has_projects": false,
            "has_wiki": false,
            "homepage_url": "",
            "html_url": "https://github.com/CRUZEAAKASH/first-repo-created-by-terraform",
            "http_clone_url": "https://github.com/CRUZEAAKASH/first-repo-created-by-terraform.git",
            "id": "first-repo-created-by-terraform",
            "ignore_vulnerability_alerts_during_read": null,
            "is_template": false,
            "license_template": null,
            "merge_commit_message": "PR_TITLE",
            "merge_commit_title": "MERGE_MESSAGE",
            "name": "first-repo-created-by-terraform",
            "node_id": "R_kgDOOKhMLw",
            "pages": [],
            "primary_language": "",
            "private": false,
            "repo_id": 950553647,
            "security_and_analysis": [
              {
                "advanced_security": [],
                "secret_scanning": [
                  {
                    "status": "enabled"
                  }
                ],
                "secret_scanning_push_protection": [
                  {
                    "status": "enabled"
                  }
                ]
              }
            ],
            "squash_merge_commit_message": "COMMIT_MESSAGES",
            "squash_merge_commit_title": "COMMIT_OR_PR_TITLE",
            "ssh_clone_url": "git@github.com:CRUZEAAKASH/first-repo-created-by-terraform.git",
            "svn_url": "https://github.com/CRUZEAAKASH/first-repo-created-by-terraform",
            "template": [],
            "topics": [],
            "visibility": "public",
            "vulnerability_alerts": true,
            "web_commit_signoff_required": false
          },
          "sensitive_attributes": [],
          "private": "eyJzY2hlbWFfdmVyc2lvbiI6IjEifQ=="
        }
      ]
    }
  ],
  "check_results": null
}
