{
  "version": 4,
  "terraform_version": "1.11.2",
  "serial": 3,
  "lineage": "1c3b746c-2318-1c23-f643-5bb2f4d519dd",
  "outputs": {
    "printingContent": {
      "value": "My favourite pet is cat",
      "type": "string"
    }
  },
  "resources": [
    {
      "mode": "managed",
      "type": "local_file",
      "name": "pet",
      "provider": "provider[\"registry.terraform.io/hashicorp/local\"]",
      "instances": [
        {
          "schema_version": 0,
          "attributes": {
            "content": "My favourite pet is cat",
            "content_base64": null,
            "content_base64sha256": "DOAJqrImk5LI66bCxUi6Yi46IMklf9a0LTD95ANvIF4=",
            "content_base64sha512": "yByJpZ94O3+A8cUzkuEvXcbypaxR7RLhE9T9Vo/+6mHQvBeZCyTHc/V5VUyiZ8XcRzLNtLWlNRfkZ9GHS8k6KA==",
            "content_md5": "1a2528c54d7a885c6139539f9d07a35d",
            "content_sha1": "02badaee9451c18cef97c080176b59d299e2c330",
            "content_sha256": "0ce009aab2269392c8eba6c2c548ba622e3a20c9257fd6b42d30fde4036f205e",
            "content_sha512": "c81c89a59f783b7f80f1c53392e12f5dc6f2a5ac51ed12e113d4fd568ffeea61d0bc17990b24c773f579554ca267c5dc4732cdb4b5a53517e467d1874bc93a28",
            "directory_permission": "0777",
            "file_permission": "0777",
            "filename": "./pet.txt",
            "id": "02badaee9451c18cef97c080176b59d299e2c330",
            "sensitive_content": null,
            "source": null
          },
          "sensitive_attributes": [
            [
              {
                "type": "get_attr",
                "value": "sensitive_content"
              }
            ]
          ],
          "dependencies": [
            "random_pet.my-pet"
          ]
        }
      ]
    },
    {
      "mode": "managed",
      "type": "random_pet",
      "name": "my-pet",
      "provider": "provider[\"registry.terraform.io/hashicorp/random\"]",
      "instances": [
        {
          "schema_version": 0,
          "attributes": {
            "id": "Mrs.-communal-bull",
            "keepers": null,
            "length": 2,
            "prefix": "Mrs.",
            "separator": "-"
          },
          "sensitive_attributes": []
        }
      ]
    }
  ],
  "check_results": null
}
