{
  "version": 4,
  "terraform_version": "1.11.2",
  "serial": 1,
  "lineage": "b663730a-bb74-f846-d7ef-66fc775aff8f",
  "outputs": {},
  "resources": [
    {
      "mode": "managed",
      "type": "local_file",
      "name": "foo1",
      "provider": "provider[\"registry.terraform.io/hashicorp/local\"]",
      "instances": [
        {
          "schema_version": 0,
          "attributes": {
            "content": "foo!",
            "content_base64": null,
            "content_base64sha256": "wOCqrqBQvPO+JsDCPVj6iQwN+3nIojAWtKhs0oym6nE=",
            "content_base64sha512": "TSCmPxazw2YStHurNILfRykjK/J4evgArH/2KnQuzQZodz4cq1f/ig2GeQO7mBI+Qx5jkTQEZxLCGs3mPtsB3Q==",
            "content_md5": "35af8b7a9490467f75f19c1e5459f7e7",
            "content_sha1": "4bf3e335199107182c6f7638efaad377acc7f452",
            "content_sha256": "c0e0aaaea050bcf3be26c0c23d58fa890c0dfb79c8a23016b4a86cd28ca6ea71",
            "content_sha512": "4d20a63f16b3c36612b47bab3482df4729232bf2787af800ac7ff62a742ecd0668773e1cab57ff8a0d867903bb98123e431e639134046712c21acde63edb01dd",
            "directory_permission": "0777",
            "file_permission": "0777",
            "filename": "./foo1.txt",
            "id": "4bf3e335199107182c6f7638efaad377acc7f452",
            "sensitive_content": null,
            "source": null
          },
          "sensitive_attributes": [
            [
              {
                "type": "get_attr",
                "value": "sensitive_content"
              }
            ]
          ]
        }
      ]
    },
    {
      "mode": "managed",
      "type": "local_file",
      "name": "foo2",
      "provider": "provider[\"registry.terraform.io/hashicorp/local\"]",
      "instances": [
        {
          "schema_version": 0,
          "attributes": {
            "content": "foo! 222222222",
            "content_base64": null,
            "content_base64sha256": "ivQ0RwZy/EiZG55647SfoUf1Swgtn045Q2trWrYpKfE=",
            "content_base64sha512": "+U87OPcK5D3o8g7QtFeIWdN7grMdlxPbltVQAVfLaw7i+2RF6AOLgm+oqkJQXzcuWFTklS+KOVKu5HqExytDTA==",
            "content_md5": "d8923a7689ecf012c38f89bfab50204f",
            "content_sha1": "bc47e45dea2cacdf94e27c9f602ddef25d4ca739",
            "content_sha256": "8af434470672fc48991b9e7ae3b49fa147f54b082d9f4e39436b6b5ab62929f1",
            "content_sha512": "f94f3b38f70ae43de8f20ed0b4578859d37b82b31d9713db96d5500157cb6b0ee2fb6445e8038b826fa8aa42505f372e5854e4952f8a3952aee47a84c72b434c",
            "directory_permission": "0777",
            "file_permission": "0777",
            "filename": "./foo2.txt",
            "id": "bc47e45dea2cacdf94e27c9f602ddef25d4ca739",
            "sensitive_content": null,
            "source": null
          },
          "sensitive_attributes": [
            [
              {
                "type": "get_attr",
                "value": "sensitive_content"
              }
            ]
          ]
        }
      ]
    },
    {
      "mode": "managed",
      "type": "local_file",
      "name": "foo3",
      "provider": "provider[\"registry.terraform.io/hashicorp/local\"]",
      "instances": [
        {
          "schema_version": 0,
          "attributes": {
            "content": "foo! 333333333",
            "content_base64": null,
            "content_base64sha256": "X4bakyksRZQplOv1aPtogOaGl/d6l02thpD6LuDbiFA=",
            "content_base64sha512": "DuCMNygX7O2fl1ezId+o7zVy8/jPX6TKjbWyWpB7w/P7rOlf3hFn21+b41c/Zox1N2MKWBzYL8gY1RLX4rJlLw==",
            "content_md5": "092f4f3206d9435edeee124892ccefdf",
            "content_sha1": "a4bdff8984ccea3c7b91aa3f15e732a447ca5690",
            "content_sha256": "5f86da93292c45942994ebf568fb6880e68697f77a974dad8690fa2ee0db8850",
            "content_sha512": "0ee08c372817eced9f9757b321dfa8ef3572f3f8cf5fa4ca8db5b25a907bc3f3fbace95fde1167db5f9be3573f668c7537630a581cd82fc818d512d7e2b2652f",
            "directory_permission": "0777",
            "file_permission": "0777",
            "filename": "./foo3.txt",
            "id": "a4bdff8984ccea3c7b91aa3f15e732a447ca5690",
            "sensitive_content": null,
            "source": null
          },
          "sensitive_attributes": [
            [
              {
                "type": "get_attr",
                "value": "sensitive_content"
              }
            ]
          ]
        }
      ]
    }
  ],
  "check_results": null
}
