{
  "version": 4,
  "terraform_version": "1.11.2",
  "serial": 8,
  "lineage": "70e12169-f8b1-b243-1909-1827263ee009",
  "outputs": {
    "printingContent": {
      "value": "My favourite pet is Mrs.-casual-oyster",
      "type": "string"
    }
  },
  "resources": [
    {
      "mode": "managed",
      "type": "local_file",
      "name": "pet",
      "provider": "provider[\"registry.terraform.io/hashicorp/local\"]",
      "instances": [
        {
          "schema_version": 0,
          "attributes": {
            "content": "My favourite pet is Mrs.-casual-oyster",
            "content_base64": null,
            "content_base64sha256": "jCX7Msk+CykFE/Yml8VSghmHBKkLhdIhfwNICD4cEwA=",
            "content_base64sha512": "LlitRrSyEP4rCE4BkpSHBDTJl2beuzr3YqZmt4aDFztWqAnzPZ5IKKz7986f12iy6oTiitqysc20/l54v7R24Q==",
            "content_md5": "63c36134504ec71e41898b78d1c3253e",
            "content_sha1": "2403dda060ce366f4e63f35343c4a9fee0489648",
            "content_sha256": "8c25fb32c93e0b290513f62697c55282198704a90b85d2217f0348083e1c1300",
            "content_sha512": "2e58ad46b4b210fe2b084e019294870434c99766debb3af762a666b78683173b56a809f33d9e4828acfbf7ce9fd768b2ea84e28adab2b1cdb4fe5e78bfb476e1",
            "directory_permission": "0777",
            "file_permission": "0777",
            "filename": "./pet.txt",
            "id": "2403dda060ce366f4e63f35343c4a9fee0489648",
            "sensitive_content": null,
            "source": null
          },
          "sensitive_attributes": [
            [
              {
                "type": "get_attr",
                "value": "sensitive_content"
              }
            ]
          ],
          "dependencies": [
            "random_pet.my-pet"
          ]
        }
      ]
    },
    {
      "mode": "managed",
      "type": "random_pet",
      "name": "my-pet",
      "provider": "provider[\"registry.terraform.io/hashicorp/random\"]",
      "instances": [
        {
          "schema_version": 0,
          "attributes": {
            "id": "Mrs.-casual-oyster",
            "keepers": null,
            "length": 2,
            "prefix": "Mrs.",
            "separator": "-"
          },
          "sensitive_attributes": []
        }
      ]
    }
  ],
  "check_results": null
}
