{
  "version": 4,
  "terraform_version": "1.11.2",
  "serial": 5,
  "lineage": "70e12169-f8b1-b243-1909-1827263ee009",
  "outputs": {
    "printingContent": {
      "value": "My favourite pet is ./pet.txt",
      "type": "string"
    }
  },
  "resources": [
    {
      "mode": "managed",
      "type": "local_file",
      "name": "pet",
      "provider": "provider[\"registry.terraform.io/hashicorp/local\"]",
      "instances": [
        {
          "schema_version": 0,
          "attributes": {
            "content": "My favourite pet is ./pet.txt",
            "content_base64": null,
            "content_base64sha256": "hsOJ8Rfu/kiehrrLIUpmtfu1dr1RaEbT6XezcX7A6qE=",
            "content_base64sha512": "O29h+Xrfnr0FIQA/B8SqfMjdVBHUkvNoH8iUqIzEbHYmgOEFypPPCWrMWUXt63hMMfw8yi0V11CvwwpyW6zuog==",
            "content_md5": "9d1d86dc873442b83020aeb524151b0d",
            "content_sha1": "236e9b0014f966a44d8a35b2750191e289ee6cd6",
            "content_sha256": "86c389f117eefe489e86bacb214a66b5fbb576bd516846d3e977b3717ec0eaa1",
            "content_sha512": "3b6f61f97adf9ebd0521003f07c4aa7cc8dd5411d492f3681fc894a88cc46c762680e105ca93cf096acc5945edeb784c31fc3cca2d15d750afc30a725baceea2",
            "directory_permission": "0777",
            "file_permission": "0777",
            "filename": "./pet.txt",
            "id": "236e9b0014f966a44d8a35b2750191e289ee6cd6",
            "sensitive_content": null,
            "source": null
          },
          "sensitive_attributes": [
            [
              {
                "type": "get_attr",
                "value": "sensitive_content"
              }
            ]
          ]
        }
      ]
    },
    {
      "mode": "managed",
      "type": "random_pet",
      "name": "my-pet",
      "provider": "provider[\"registry.terraform.io/hashicorp/random\"]",
      "instances": [
        {
          "schema_version": 0,
          "attributes": {
            "id": "Mrs.-casual-oyster",
            "keepers": null,
            "length": 2,
            "prefix": "Mrs.",
            "separator": "-"
          },
          "sensitive_attributes": []
        }
      ]
    }
  ],
  "check_results": null
}
